
Microsoft Visual Studio Solution File, Format Version 11.00
# Visual Studio 2010
Project("{FAE04EC0-301F-11D3-BF4B-00C04F79EFBC}") = "ToplaCarp", "ToplaCarp\ToplaCarp.csproj", "{919199A7-00A4-4C19-B8C2-B631D06172F3}"
EndProject
Global
	GlobalSection(SolutionConfigurationPlatforms) = preSolution
		Debug|x86 = Debug|x86
		Release|x86 = Release|x86
	EndGlobalSection
	GlobalSection(ProjectConfigurationPlatforms) = postSolution
		{919199A7-00A4-4C19-B8C2-B631D06172F3}.Debug|x86.ActiveCfg = Debug|x86
		{919199A7-00A4-4C19-B8C2-B631D06172F3}.Debug|x86.Build.0 = Debug|x86
		{919199A7-00A4-4C19-B8C2-B631D06172F3}.Release|x86.ActiveCfg = Release|x86
		{919199A7-00A4-4C19-B8C2-B631D06172F3}.Release|x86.Build.0 = Release|x86
	EndGlobalSection
	GlobalSection(SolutionProperties) = preSolution
		HideSolutionNode = FALSE
	EndGlobalSection
EndGlobal
