
Microsoft Visual Studio Solution File, Format Version 11.00
# Visual Studio 2010
Project("{FAE04EC0-301F-11D3-BF4B-00C04F79EFBC}") = "ProjeTakip", "ProjeTakip\ProjeTakip.csproj", "{C963F4F7-4EEB-46B9-AF40-7AFD9A7D011B}"
EndProject
Global
	GlobalSection(SolutionConfigurationPlatforms) = preSolution
		Debug|x86 = Debug|x86
		Release|x86 = Release|x86
	EndGlobalSection
	GlobalSection(ProjectConfigurationPlatforms) = postSolution
		{C963F4F7-4EEB-46B9-AF40-7AFD9A7D011B}.Debug|x86.ActiveCfg = Debug|x86
		{C963F4F7-4EEB-46B9-AF40-7AFD9A7D011B}.Debug|x86.Build.0 = Debug|x86
		{C963F4F7-4EEB-46B9-AF40-7AFD9A7D011B}.Release|x86.ActiveCfg = Release|x86
		{C963F4F7-4EEB-46B9-AF40-7AFD9A7D011B}.Release|x86.Build.0 = Release|x86
	EndGlobalSection
	GlobalSection(SolutionProperties) = preSolution
		HideSolutionNode = FALSE
	EndGlobalSection
EndGlobal
